Microsoft Visual Studio Solution File, Format Version 12.00
# Visual Studio 2012
Project("{FAE04EC0-301F-11D3-BF4B-00C04F79EFBC}") = "My Demo Car", "My Demo Car.csproj", "{6C261D13-BA93-43A5-B241-9C6655CDFE59}"
EndProject
Global
	GlobalSection(SolutionConfigurationPlatforms) = preSolution
	Debug|Any CPU = Debug|Any CPU
	ExportDebug|Any CPU = ExportDebug|Any CPU
	ExportRelease|Any CPU = ExportRelease|Any CPU
	EndGlobalSection
	GlobalSection(ProjectConfigurationPlatforms) = postSolution
		{6C261D13-BA93-43A5-B241-9C6655CDFE59}.Debug|Any CPU.ActiveCfg = Debug|Any CPU
		{6C261D13-BA93-43A5-B241-9C6655CDFE59}.Debug|Any CPU.Build.0 = Debug|Any CPU
		{6C261D13-BA93-43A5-B241-9C6655CDFE59}.ExportDebug|Any CPU.ActiveCfg = ExportDebug|Any CPU
		{6C261D13-BA93-43A5-B241-9C6655CDFE59}.ExportDebug|Any CPU.Build.0 = ExportDebug|Any CPU
		{6C261D13-BA93-43A5-B241-9C6655CDFE59}.ExportRelease|Any CPU.ActiveCfg = ExportRelease|Any CPU
		{6C261D13-BA93-43A5-B241-9C6655CDFE59}.ExportRelease|Any CPU.Build.0 = ExportRelease|Any CPU
	EndGlobalSection
EndGlobal
